[{<<"jesse">>,
  {git,"git://github.com/for-GET/jesse.git",
       {ref,"9f9d050627093d6a43e02a102d78122f0c4989c8"}},
  0},
 {<<"jiffy">>,
  {git,"git://github.com/davisp/jiffy.git",
       {ref,"ba09da790477b0f7a31aeaa9b21cae0ffba27d77"}},
  0},
 {<<"jsx">>,
  {git,"git://github.com/talentdeficit/jsx.git",
       {ref,"fc2a001073f2300ba38427c23e83d5673c020542"}},
  0},
 {<<"rfc3339">>,
  {git,"git://github.com/andreineculau/rfc3339.git",
       {ref,"dcc77d66430490620677de8140a3415dfbd3fa61"}},
  1}].
